
Microsoft Visual Studio Solution File, Format Version 12.00
# Visual Studio 15
VisualStudioVersion = 15.0.28010.2046
MinimumVisualStudioVersion = 10.0.40219.1
Project("{8BC9CEB8-8B4A-11D0-8D11-00A0C91BC942}") = "Service", "Service\Service.vcxproj", "{4A92FB54-47FC-4DA9-8509-7D707261C5B0}"
EndProject
Project("{8BC9CEB8-8B4A-11D0-8D11-00A0C91BC942}") = "Client", "Client\Client.vcxproj", "{A458B582-5196-4313-820D-CA411A38D8C6}"
EndProject
Global
	GlobalSection(SolutionConfigurationPlatforms) = preSolution
		Release|x64 = Release|x64
		Release|x86 = Release|x86
	EndGlobalSection
	GlobalSection(ProjectConfigurationPlatforms) = postSolution
		{4A92FB54-47FC-4DA9-8509-7D707261C5B0}.Release|x64.ActiveCfg = Release|x64
		{4A92FB54-47FC-4DA9-8509-7D707261C5B0}.Release|x64.Build.0 = Release|x64
		{4A92FB54-47FC-4DA9-8509-7D707261C5B0}.Release|x86.ActiveCfg = Release|Win32
		{4A92FB54-47FC-4DA9-8509-7D707261C5B0}.Release|x86.Build.0 = Release|Win32
		{A458B582-5196-4313-820D-CA411A38D8C6}.Release|x64.ActiveCfg = Release|x64
		{A458B582-5196-4313-820D-CA411A38D8C6}.Release|x64.Build.0 = Release|x64
		{A458B582-5196-4313-820D-CA411A38D8C6}.Release|x86.ActiveCfg = Release|Win32
		{A458B582-5196-4313-820D-CA411A38D8C6}.Release|x86.Build.0 = Release|Win32
	EndGlobalSection
	GlobalSection(SolutionProperties) = preSolution
		HideSolutionNode = FALSE
	EndGlobalSection
	GlobalSection(ExtensibilityGlobals) = postSolution
		SolutionGuid = {43467408-D2E0-4274-9CE7-A468A10C9E71}
	EndGlobalSection
EndGlobal
